// !$*UTF8*$!
{
	archiveVersion = 1;
	classes = {
	};
	objectVersion = 56;
	objects = {

/* Begin PBXBuildFile section */
		1F1687EC2B62768600446DC4 /* CollectionViewTableViewCell.swift in Sources */ = {isa = PBXBuildFile; fileRef = 1F1687EB2B62768600446DC4 /* CollectionViewTableViewCell.swift */; };
		1F1687EE2B62EE6D00446DC4 /* HeroHeaderUIView.swift in Sources */ = {isa = PBXBuildFile; fileRef = 1F1687ED2B62EE6D00446DC4 /* HeroHeaderUIView.swift */; };
		1F84E72B2B66AB17005A1ABF /* APICaller.swift in Sources */ = {isa = PBXBuildFile; fileRef = 1F84E72A2B66AB17005A1ABF /* APICaller.swift */; };
		1F84E72D2B66B1F2005A1ABF /* Movie.swift in Sources */ = {isa = PBXBuildFile; fileRef = 1F84E72C2B66B1F2005A1ABF /* Movie.swift */; };
		1FAED3482B61A02200839374 /* AppDelegate.swift in Sources */ = {isa = PBXBuildFile; fileRef = 1FAED3472B61A02200839374 /* AppDelegate.swift */; };
		1FAED34A2B61A02200839374 /* SceneDelegate.swift in Sources */ = {isa = PBXBuildFile; fileRef = 1FAED3492B61A02200839374 /* SceneDelegate.swift */; };
		1FAED34C2B61A02200839374 /* MainTabBarViewController.swift in Sources */ = {isa = PBXBuildFile; fileRef = 1FAED34B2B61A02200839374 /* MainTabBarViewController.swift */; };
		1FAED3522B61A02200839374 /* Netflix_Clone.xcdatamodeld in Sources */ = {isa = PBXBuildFile; fileRef = 1FAED3502B61A02200839374 /* Netflix_Clone.xcdatamodeld */; };
		1FAED3542B61A02300839374 /* Assets.xcassets in Resources */ = {isa = PBXBuildFile; fileRef = 1FAED3532B61A02300839374 /* Assets.xcassets */; };
		1FAED3572B61A02300839374 /* LaunchScreen.storyboard in Resources */ = {isa = PBXBuildFile; fileRef = 1FAED3552B61A02300839374 /* LaunchScreen.storyboard */; };
		1FAED3602B61A3AA00839374 /* HomeViewController.swift in Sources */ = {isa = PBXBuildFile; fileRef = 1FAED35F2B61A3AA00839374 /* HomeViewController.swift */; };
		1FAED3622B61A3FB00839374 /* UpcomingViewController.swift in Sources */ = {isa = PBXBuildFile; fileRef = 1FAED3612B61A3FB00839374 /* UpcomingViewController.swift */; };
		1FAED3642B61A42E00839374 /* SearchViewController.swift in Sources */ = {isa = PBXBuildFile; fileRef = 1FAED3632B61A42E00839374 /* SearchViewController.swift */; };
		1FAED3662B61A44D00839374 /* DownloadViewController.swift in Sources */ = {isa = PBXBuildFile; fileRef = 1FAED3652B61A44D00839374 /* DownloadViewController.swift */; };
/* End PBXBuildFile section */

/* Begin PBXFileReference section */
		1F1687EB2B62768600446DC4 /* CollectionViewTableViewCell.swift */ = {isa = PBXFileReference; lastKnownFileType = sourcecode.swift; path = CollectionViewTableViewCell.swift; sourceTree = "<group>"; };
		1F1687ED2B62EE6D00446DC4 /* HeroHeaderUIView.swift */ = {isa = PBXFileReference; lastKnownFileType = sourcecode.swift; path = HeroHeaderUIView.swift; sourceTree = "<group>"; };
		1F84E72A2B66AB17005A1ABF /* APICaller.swift */ = {isa = PBXFileReference; lastKnownFileType = sourcecode.swift; path = APICaller.swift; sourceTree = "<group>"; };
		1F84E72C2B66B1F2005A1ABF /* Movie.swift */ = {isa = PBXFileReference; lastKnownFileType = sourcecode.swift; path = Movie.swift; sourceTree = "<group>"; };
		1FAED3442B61A02200839374 /* Netflix Clone.app */ = {isa = PBXFileReference; explicitFileType = wrapper.application; includeInIndex = 0; path = "Netflix Clone.app"; sourceTree = BUILT_PRODUCTS_DIR; };
		1FAED3472B61A02200839374 /* AppDelegate.swift */ = {isa = PBXFileReference; lastKnownFileType = sourcecode.swift; path = AppDelegate.swift; sourceTree = "<group>"; };
		1FAED3492B61A02200839374 /* SceneDelegate.swift */ = {isa = PBXFileReference; lastKnownFileType = sourcecode.swift; path = SceneDelegate.swift; sourceTree = "<group>"; };
		1FAED34B2B61A02200839374 /* MainTabBarViewController.swift */ = {isa = PBXFileReference; lastKnownFileType = sourcecode.swift; path = MainTabBarViewController.swift; sourceTree = "<group>"; };
		1FAED3512B61A02200839374 /* Netflix_Clone.xcdatamodel */ = {isa = PBXFileReference; lastKnownFileType = wrapper.xcdatamodel; path = Netflix_Clone.xcdatamodel; sourceTree = "<group>"; };
		1FAED3532B61A02300839374 /* Assets.xcassets */ = {isa = PBXFileReference; lastKnownFileType = folder.assetcatalog; path = Assets.xcassets; sourceTree = "<group>"; };
		1FAED3562B61A02300839374 /* Base */ = {isa = PBXFileReference; lastKnownFileType = file.storyboard; name = Base; path = Base.lproj/LaunchScreen.storyboard; sourceTree = "<group>"; };
		1FAED3582B61A02300839374 /* Info.plist */ = {isa = PBXFileReference; lastKnownFileType = text.plist.xml; path = Info.plist; sourceTree = "<group>"; };
		1FAED35F2B61A3AA00839374 /* HomeViewController.swift */ = {isa = PBXFileReference; lastKnownFileType = sourcecode.swift; path = HomeViewController.swift; sourceTree = "<group>"; };
		1FAED3612B61A3FB00839374 /* UpcomingViewController.swift */ = {isa = PBXFileReference; lastKnownFileType = sourcecode.swift; path = UpcomingViewController.swift; sourceTree = "<group>"; };
		1FAED3632B61A42E00839374 /* SearchViewController.swift */ = {isa = PBXFileReference; lastKnownFileType = sourcecode.swift; path = SearchViewController.swift; sourceTree = "<group>"; };
		1FAED3652B61A44D00839374 /* DownloadViewController.swift */ = {isa = PBXFileReference; lastKnownFileType = sourcecode.swift; path = DownloadViewController.swift; sourceTree = "<group>"; };
/* End PBXFileReference section */

/* Begin PBXFrameworksBuildPhase section */
		1FAED3412B61A02200839374 /* Frameworks */ = {
			isa = PBXFrameworksBuildPhase;
			buildActionMask = 2147483647;
			files = (
			);
			runOnlyForDeploymentPostprocessing = 0;
		};
/* End PBXFrameworksBuildPhase section */

/* Begin PBXGroup section */
		1F1687E62B62744000446DC4 /* ViewModels */ = {
			isa = PBXGroup;
			children = (
			);
			path = ViewModels;
			sourceTree = "<group>";
		};
		1F1687E72B62744A00446DC4 /* Views */ = {
			isa = PBXGroup;
			children = (
				1F1687EB2B62768600446DC4 /* CollectionViewTableViewCell.swift */,
				1F1687ED2B62EE6D00446DC4 /* HeroHeaderUIView.swift */,
			);
			path = Views;
			sourceTree = "<group>";
		};
		1F1687E82B62745300446DC4 /* Models */ = {
			isa = PBXGroup;
			children = (
				1F84E72C2B66B1F2005A1ABF /* Movie.swift */,
			);
			path = Models;
			sourceTree = "<group>";
		};
		1F1687E92B62762100446DC4 /* Resources */ = {
			isa = PBXGroup;
			children = (
			);
			path = Resources;
			sourceTree = "<group>";
		};
		1F1687EA2B62762A00446DC4 /* Managers */ = {
			isa = PBXGroup;
			children = (
				1F84E72A2B66AB17005A1ABF /* APICaller.swift */,
			);
			path = Managers;
			sourceTree = "<group>";
		};
		1FAED33B2B61A02200839374 = {
			isa = PBXGroup;
			children = (
				1FAED3462B61A02200839374 /* Netflix Clone */,
				1FAED3452B61A02200839374 /* Products */,
			);
			sourceTree = "<group>";
		};
		1FAED3452B61A02200839374 /* Products */ = {
			isa = PBXGroup;
			children = (
				1FAED3442B61A02200839374 /* Netflix Clone.app */,
			);
			name = Products;
			sourceTree = "<group>";
		};
		1FAED3462B61A02200839374 /* Netflix Clone */ = {
			isa = PBXGroup;
			children = (
				1F1687EA2B62762A00446DC4 /* Managers */,
				1F1687E92B62762100446DC4 /* Resources */,
				1F1687E82B62745300446DC4 /* Models */,
				1F1687E72B62744A00446DC4 /* Views */,
				1F1687E62B62744000446DC4 /* ViewModels */,
				1FAED35E2B61A38300839374 /* Controllers */,
				1FAED3472B61A02200839374 /* AppDelegate.swift */,
				1FAED3492B61A02200839374 /* SceneDelegate.swift */,
				1FAED34B2B61A02200839374 /* MainTabBarViewController.swift */,
				1FAED3532B61A02300839374 /* Assets.xcassets */,
				1FAED3552B61A02300839374 /* LaunchScreen.storyboard */,
				1FAED3582B61A02300839374 /* Info.plist */,
				1FAED3502B61A02200839374 /* Netflix_Clone.xcdatamodeld */,
			);
			path = "Netflix Clone";
			sourceTree = "<group>";
		};
		1FAED35E2B61A38300839374 /* Controllers */ = {
			isa = PBXGroup;
			children = (
				1FAED35F2B61A3AA00839374 /* HomeViewController.swift */,
				1FAED3612B61A3FB00839374 /* UpcomingViewController.swift */,
				1FAED3632B61A42E00839374 /* SearchViewController.swift */,
				1FAED3652B61A44D00839374 /* DownloadViewController.swift */,
			);
			path = Controllers;
			sourceTree = "<group>";
		};
/* End PBXGroup section */

/* Begin PBXNativeTarget section */
		1FAED3432B61A02200839374 /* Netflix Clone */ = {
			isa = PBXNativeTarget;
			buildConfigurationList = 1FAED35B2B61A02300839374 /* Build configuration list for PBXNativeTarget "Netflix Clone" */;
			buildPhases = (
				1FAED3402B61A02200839374 /* Sources */,
				1FAED3412B61A02200839374 /* Frameworks */,
				1FAED3422B61A02200839374 /* Resources */,
			);
			buildRules = (
			);
			dependencies = (
			);
			name = "Netflix Clone";
			productName = "Netflix Clone";
			productReference = 1FAED3442B61A02200839374 /* Netflix Clone.app */;
			productType = "com.apple.product-type.application";
		};
/* End PBXNativeTarget section */

/* Begin PBXProject section */
		1FAED33C2B61A02200839374 /* Project object */ = {
			isa = PBXProject;
			attributes = {
				BuildIndependentTargetsInParallel = 1;
				LastSwiftUpdateCheck = 1520;
				LastUpgradeCheck = 1520;
				TargetAttributes = {
					1FAED3432B61A02200839374 = {
						CreatedOnToolsVersion = 15.2;
					};
				};
			};
			buildConfigurationList = 1FAED33F2B61A02200839374 /* Build configuration list for PBXProject "Netflix Clone" */;
			compatibilityVersion = "Xcode 14.0";
			developmentRegion = en;
			hasScannedForEncodings = 0;
			knownRegions = (
				en,
				Base,
			);
			mainGroup = 1FAED33B2B61A02200839374;
			productRefGroup = 1FAED3452B61A02200839374 /* Products */;
			projectDirPath = "";
			projectRoot = "";
			targets = (
				1FAED3432B61A02200839374 /* Netflix Clone */,
			);
		};
/* End PBXProject section */

/* Begin PBXResourcesBuildPhase section */
		1FAED3422B61A02200839374 /* Resources */ = {
			isa = PBXResourcesBuildPhase;
			buildActionMask = 2147483647;
			files = (
				1FAED3572B61A02300839374 /* LaunchScreen.storyboard in Resources */,
				1FAED3542B61A02300839374 /* Assets.xcassets in Resources */,
			);
			runOnlyForDeploymentPostprocessing = 0;
		};
/* End PBXResourcesBuildPhase section */

/* Begin PBXSourcesBuildPhase section */
		1FAED3402B61A02200839374 /* Sources */ = {
			isa = PBXSourcesBuildPhase;
			buildActionMask = 2147483647;
			files = (
				1FAED3622B61A3FB00839374 /* UpcomingViewController.swift in Sources */,
				1F1687EE2B62EE6D00446DC4 /* HeroHeaderUIView.swift in Sources */,
				1F84E72D2B66B1F2005A1ABF /* Movie.swift in Sources */,
				1FAED3642B61A42E00839374 /* SearchViewController.swift in Sources */,
				1FAED3602B61A3AA00839374 /* HomeViewController.swift in Sources */,
				1FAED3522B61A02200839374 /* Netflix_Clone.xcdatamodeld in Sources */,
				1FAED34C2B61A02200839374 /* MainTabBarViewController.swift in Sources */,
				1F1687EC2B62768600446DC4 /* CollectionViewTableViewCell.swift in Sources */,
				1FAED3482B61A02200839374 /* AppDelegate.swift in Sources */,
				1F84E72B2B66AB17005A1ABF /* APICaller.swift in Sources */,
				1FAED3662B61A44D00839374 /* DownloadViewController.swift in Sources */,
				1FAED34A2B61A02200839374 /* SceneDelegate.swift in Sources */,
			);
			runOnlyForDeploymentPostprocessing = 0;
		};
/* End PBXSourcesBuildPhase section */

/* Begin PBXVariantGroup section */
		1FAED3552B61A02300839374 /* LaunchScreen.storyboard */ = {
			isa = PBXVariantGroup;
			children = (
				1FAED3562B61A02300839374 /* Base */,
			);
			name = LaunchScreen.storyboard;
			sourceTree = "<group>";
		};
/* End PBXVariantGroup section */

/* Begin XCBuildConfiguration section */
		1FAED3592B61A02300839374 /* Debug */ = {
			isa = XCBuildConfiguration;
			buildSettings = {
				ALWAYS_SEARCH_USER_PATHS = NO;
				ASSETCATALOG_COMPILER_GENERATE_SWIFT_ASSET_SYMBOL_EXTENSIONS = YES;
				CLANG_ANALYZER_NONNULL = YES;
				CLANG_ANALYZER_NUMBER_OBJECT_CONVERSION = YES_AGGRESSIVE;
				CLANG_CXX_LANGUAGE_STANDARD = "gnu++20";
				CLANG_ENABLE_MODULES = YES;
				CLANG_ENABLE_OBJC_ARC = YES;
				CLANG_ENABLE_OBJC_WEAK = YES;
				CLANG_WARN_BLOCK_CAPTURE_AUTORELEASING = YES;
				CLANG_WARN_BOOL_CONVERSION = YES;
				CLANG_WARN_COMMA = YES;
				CLANG_WARN_CONSTANT_CONVERSION = YES;
				CLANG_WARN_DEPRECATED_OBJC_IMPLEMENTATIONS = YES;
				CLANG_WARN_DIRECT_OBJC_ISA_USAGE = YES_ERROR;
				CLANG_WARN_DOCUMENTATION_COMMENTS = YES;
				CLANG_WARN_EMPTY_BODY = YES;
				CLANG_WARN_ENUM_CONVERSION = YES;
				CLANG_WARN_INFINITE_RECURSION = YES;
				CLANG_WARN_INT_CONVERSION = YES;
				CLANG_WARN_NON_LITERAL_NULL_CONVERSION = YES;
				CLANG_WARN_OBJC_IMPLICIT_RETAIN_SELF = YES;
				CLANG_WARN_OBJC_LITERAL_CONVERSION = YES;
				CLANG_WARN_OBJC_ROOT_CLASS = YES_ERROR;
				CLANG_WARN_QUOTED_INCLUDE_IN_FRAMEWORK_HEADER = YES;
				CLANG_WARN_RANGE_LOOP_ANALYSIS = YES;
				CLANG_WARN_STRICT_PROTOTYPES = YES;
				CLANG_WARN_SUSPICIOUS_MOVE = YES;
				CLANG_WARN_UNGUARDED_AVAILABILITY = YES_AGGRESSIVE;
				CLANG_WARN_UNREACHABLE_CODE = YES;
				CLANG_WARN__DUPLICATE_METHOD_MATCH = YES;
				COPY_PHASE_STRIP = NO;
				DEBUG_INFORMATION_FORMAT = dwarf;
				ENABLE_STRICT_OBJC_MSGSEND = YES;
				ENABLE_TESTABILITY = YES;
				ENABLE_USER_SCRIPT_SANDBOXING = YES;
				GCC_C_LANGUAGE_STANDARD = gnu17;
				GCC_DYNAMIC_NO_PIC = NO;
				GCC_NO_COMMON_BLOCKS = YES;
				GCC_OPTIMIZATION_LEVEL = 0;
				GCC_PREPROCESSOR_DEFINITIONS = (
					"DEBUG=1",
					"$(inherited)",
				);
				GCC_WARN_64_TO_32_BIT_CONVERSION = YES;
				GCC_WARN_ABOUT_RETURN_TYPE = YES_ERROR;
				GCC_WARN_UNDECLARED_SELECTOR = YES;
				GCC_WARN_UNINITIALIZED_AUTOS = YES_AGGRESSIVE;
				GCC_WARN_UNUSED_FUNCTION = YES;
				GCC_WARN_UNUSED_VARIABLE = YES;
				IPHONEOS_DEPLOYMENT_TARGET = 17.2;
				LOCALIZATION_PREFERS_STRING_CATALOGS = YES;
				MTL_ENABLE_DEBUG_INFO = INCLUDE_SOURCE;
				MTL_FAST_MATH = YES;
				ONLY_ACTIVE_ARCH = YES;
				SDKROOT = iphoneos;
				SWIFT_ACTIVE_COMPILATION_CONDITIONS = "DEBUG $(inherited)";
				SWIFT_OPTIMIZATION_LEVEL = "-Onone";
			};
			name = Debug;
		};
		1FAED35A2B61A02300839374 /* Release */ = {
			isa = XCBuildConfiguration;
			buildSettings = {
				ALWAYS_SEARCH_USER_PATHS = NO;
				ASSETCATALOG_COMPILER_GENERATE_SWIFT_ASSET_SYMBOL_EXTENSIONS = YES;
				CLANG_ANALYZER_NONNULL = YES;
				CLANG_ANALYZER_NUMBER_OBJECT_CONVERSION = YES_AGGRESSIVE;
				CLANG_CXX_LANGUAGE_STANDARD = "gnu++20";
				CLANG_ENABLE_MODULES = YES;
				CLANG_ENABLE_OBJC_ARC = YES;
				CLANG_ENABLE_OBJC_WEAK = YES;
				CLANG_WARN_BLOCK_CAPTURE_AUTORELEASING = YES;
				CLANG_WARN_BOOL_CONVERSION = YES;
				CLANG_WARN_COMMA = YES;
				CLANG_WARN_CONSTANT_CONVERSION = YES;
				CLANG_WARN_DEPRECATED_OBJC_IMPLEMENTATIONS = YES;
				CLANG_WARN_DIRECT_OBJC_ISA_USAGE = YES_ERROR;
				CLANG_WARN_DOCUMENTATION_COMMENTS = YES;
				CLANG_WARN_EMPTY_BODY = YES;
				CLANG_WARN_ENUM_CONVERSION = YES;
				CLANG_WARN_INFINITE_RECURSION = YES;
				CLANG_WARN_INT_CONVERSION = YES;
				CLANG_WARN_NON_LITERAL_NULL_CONVERSION = YES;
				CLANG_WARN_OBJC_IMPLICIT_RETAIN_SELF = YES;
				CLANG_WARN_OBJC_LITERAL_CONVERSION = YES;
				CLANG_WARN_OBJC_ROOT_CLASS = YES_ERROR;
				CLANG_WARN_QUOTED_INCLUDE_IN_FRAMEWORK_HEADER = YES;
				CLANG_WARN_RANGE_LOOP_ANALYSIS = YES;
				CLANG_WARN_STRICT_PROTOTYPES = YES;
				CLANG_WARN_SUSPICIOUS_MOVE = YES;
				CLANG_WARN_UNGUARDED_AVAILABILITY = YES_AGGRESSIVE;
				CLANG_WARN_UNREACHABLE_CODE = YES;
				CLANG_WARN__DUPLICATE_METHOD_MATCH = YES;
				COPY_PHASE_STRIP = NO;
				DEBUG_INFORMATION_FORMAT = "dwarf-with-dsym";
				ENABLE_NS_ASSERTIONS = NO;
				ENABLE_STRICT_OBJC_MSGSEND = YES;
				ENABLE_USER_SCRIPT_SANDBOXING = YES;
				GCC_C_LANGUAGE_STANDARD = gnu17;
				GCC_NO_COMMON_BLOCKS = YES;
				GCC_WARN_64_TO_32_BIT_CONVERSION = YES;
				GCC_WARN_ABOUT_RETURN_TYPE = YES_ERROR;
				GCC_WARN_UNDECLARED_SELECTOR = YES;
				GCC_WARN_UNINITIALIZED_AUTOS = YES_AGGRESSIVE;
				GCC_WARN_UNUSED_FUNCTION = YES;
				GCC_WARN_UNUSED_VARIABLE = YES;
				IPHONEOS_DEPLOYMENT_TARGET = 17.2;
				LOCALIZATION_PREFERS_STRING_CATALOGS = YES;
				MTL_ENABLE_DEBUG_INFO = NO;
				MTL_FAST_MATH = YES;
				SDKROOT = iphoneos;
				SWIFT_COMPILATION_MODE = wholemodule;
				VALIDATE_PRODUCT = YES;
			};
			name = Release;
		};
		1FAED35C2B61A02300839374 /* Debug */ = {
			isa = XCBuildConfiguration;
			buildSettings = {
				ASSETCATALOG_COMPILER_APPICON_NAME = AppIcon;
				ASSETCATALOG_COMPILER_GLOBAL_ACCENT_COLOR_NAME = AccentColor;
				CODE_SIGN_STYLE = Automatic;
				CURRENT_PROJECT_VERSION = 1;
				DEVELOPMENT_TEAM = K5U744P8R6;
				GENERATE_INFOPLIST_FILE = YES;
				INFOPLIST_FILE = "Netflix Clone/Info.plist";
				INFOPLIST_KEY_UIApplicationSupportsIndirectInputEvents = YES;
				INFOPLIST_KEY_UILaunchStoryboardName = LaunchScreen;
				INFOPLIST_KEY_UISupportedInterfaceOrientations_iPad = "UIInterfaceOrientationPortrait UIInterfaceOrientationPortraitUpsideDown UIInterfaceOrientationLandscapeLeft UIInterfaceOrientationLandscapeRight";
				INFOPLIST_KEY_UISupportedInterfaceOrientations_iPhone = "UIInterfaceOrientationPortrait UIInterfaceOrientationLandscapeLeft UIInterfaceOrientationLandscapeRight";
				LD_RUNPATH_SEARCH_PATHS = (
					"$(inherited)",
					"@executable_path/Frameworks",
				);
				MARKETING_VERSION = 1.0;
				PRODUCT_BUNDLE_IDENTIFIER = "hung.incre.proj.Netflix-Clone";
				PRODUCT_NAME = "$(TARGET_NAME)";
				SWIFT_EMIT_LOC_STRINGS = YES;
				SWIFT_VERSION = 5.0;
				TARGETED_DEVICE_FAMILY = "1,2";
			};
			name = Debug;
		};
		1FAED35D2B61A02300839374 /* Release */ = {
			isa = XCBuildConfiguration;
			buildSettings = {
				ASSETCATALOG_COMPILER_APPICON_NAME = AppIcon;
				ASSETCATALOG_COMPILER_GLOBAL_ACCENT_COLOR_NAME = AccentColor;
				CODE_SIGN_STYLE = Automatic;
				CURRENT_PROJECT_VERSION = 1;
				DEVELOPMENT_TEAM = K5U744P8R6;
				GENERATE_INFOPLIST_FILE = YES;
				INFOPLIST_FILE = "Netflix Clone/Info.plist";
				INFOPLIST_KEY_UIApplicationSupportsIndirectInputEvents = YES;
				INFOPLIST_KEY_UILaunchStoryboardName = LaunchScreen;
				INFOPLIST_KEY_UISupportedInterfaceOrientations_iPad = "UIInterfaceOrientationPortrait UIInterfaceOrientationPortraitUpsideDown UIInterfaceOrientationLandscapeLeft UIInterfaceOrientationLandscapeRight";
				INFOPLIST_KEY_UISupportedInterfaceOrientations_iPhone = "UIInterfaceOrientationPortrait UIInterfaceOrientationLandscapeLeft UIInterfaceOrientationLandscapeRight";
				LD_RUNPATH_SEARCH_PATHS = (
					"$(inherited)",
					"@executable_path/Frameworks",
				);
				MARKETING_VERSION = 1.0;
				PRODUCT_BUNDLE_IDENTIFIER = "hung.incre.proj.Netflix-Clone";
				PRODUCT_NAME = "$(TARGET_NAME)";
				SWIFT_EMIT_LOC_STRINGS = YES;
				SWIFT_VERSION = 5.0;
				TARGETED_DEVICE_FAMILY = "1,2";
			};
			name = Release;
		};
/* End XCBuildConfiguration section */

/* Begin XCConfigurationList section */
		1FAED33F2B61A02200839374 /* Build configuration list for PBXProject "Netflix Clone" */ = {
			isa = XCConfigurationList;
			buildConfigurations = (
				1FAED3592B61A02300839374 /* Debug */,
				1FAED35A2B61A02300839374 /* Release */,
			);
			defaultConfigurationIsVisible = 0;
			defaultConfigurationName = Release;
		};
		1FAED35B2B61A02300839374 /* Build configuration list for PBXNativeTarget "Netflix Clone" */ = {
			isa = XCConfigurationList;
			buildConfigurations = (
				1FAED35C2B61A02300839374 /* Debug */,
				1FAED35D2B61A02300839374 /* Release */,
			);
			defaultConfigurationIsVisible = 0;
			defaultConfigurationName = Release;
		};
/* End XCConfigurationList section */

/* Begin XCVersionGroup section */
		1FAED3502B61A02200839374 /* Netflix_Clone.xcdatamodeld */ = {
			isa = XCVersionGroup;
			children = (
				1FAED3512B61A02200839374 /* Netflix_Clone.xcdatamodel */,
			);
			currentVersion = 1FAED3512B61A02200839374 /* Netflix_Clone.xcdatamodel */;
			path = Netflix_Clone.xcdatamodeld;
			sourceTree = "<group>";
			versionGroupType = wrapper.xcdatamodel;
		};
/* End XCVersionGroup section */
	};
	rootObject = 1FAED33C2B61A02200839374 /* Project object */;
}
