{
  "pins" : [
    {
      "identity" : "sdwebimage",
      "kind" : "remoteSourceControl",
      "location" : "https://github.com/SDWebImage/SDWebImage.git",
      "state" : {
        "branch" : "master",
        "revision" : "a41be90abd89b125cd7588f20b9788108254091a"
      }
    }
  ],
  "version" : 2
}
